// !$*UTF8*$!
{
	archiveVersion = 1;
	classes = {
	};
	objectVersion = 46;
	objects = {

/* Begin PBXBuildFile section */
		FF0E24091F60721D006843F9 /* AppDelegate.swift in Sources */ = {isa = PBXBuildFile; fileRef = FF0E24081F60721D006843F9 /* AppDelegate.swift */; };
		FF0E240B1F60721D006843F9 /* ViewController.swift in Sources */ = {isa = PBXBuildFile; fileRef = FF0E240A1F60721D006843F9 /* ViewController.swift */; };
		FF0E240E1F60721D006843F9 /* Main.storyboard in Resources */ = {isa = PBXBuildFile; fileRef = FF0E240C1F60721D006843F9 /* Main.storyboard */; };
		FF0E24101F60721D006843F9 /* Assets.xcassets in Resources */ = {isa = PBXBuildFile; fileRef = FF0E240F1F60721D006843F9 /* Assets.xcassets */; };
		FF0E24131F60721D006843F9 /* LaunchScreen.storyboard in Resources */ = {isa = PBXBuildFile; fileRef = FF0E24111F60721D006843F9 /* LaunchScreen.storyboard */; };
		FF0E241E1F60721D006843F9 /* Lab1Tests.swift in Sources */ = {isa = PBXBuildFile; fileRef = FF0E241D1F60721D006843F9 /* Lab1Tests.swift */; };
		FF0E24291F60721D006843F9 /* Lab1UITests.swift in Sources */ = {isa = PBXBuildFile; fileRef = FF0E24281F60721D006843F9 /* Lab1UITests.swift */; };
/* End PBXBuildFile section */

/* Begin PBXContainerItemProxy section */
		FF0E241A1F60721D006843F9 /* PBXContainerItemProxy */ = {
			isa = PBXContainerItemProxy;
			containerPortal = FF0E23FD1F60721C006843F9 /* Project object */;
			proxyType = 1;
			remoteGlobalIDString = FF0E24041F60721C006843F9;
			remoteInfo = Lab1;
		};
		FF0E24251F60721D006843F9 /* PBXContainerItemProxy */ = {
			isa = PBXContainerItemProxy;
			containerPortal = FF0E23FD1F60721C006843F9 /* Project object */;
			proxyType = 1;
			remoteGlobalIDString = FF0E24041F60721C006843F9;
			remoteInfo = Lab1;
		};
/* End PBXContainerItemProxy section */

/* Begin PBXCopyFilesBuildPhase section */
		FF0E24451F60AB6A006843F9 /* Embed App Extensions */ = {
			isa = PBXCopyFilesBuildPhase;
			buildActionMask = 2147483647;
			dstPath = "";
			dstSubfolderSpec = 13;
			files = (
			);
			name = "Embed App Extensions";
			runOnlyForDeploymentPostprocessing = 0;
		};
/* End PBXCopyFilesBuildPhase section */

/* Begin PBXFileReference section */
		FF0E24051F60721C006843F9 /* Lab1.app */ = {isa = PBXFileReference; explicitFileType = wrapper.application; includeInIndex = 0; path = Lab1.app; sourceTree = BUILT_PRODUCTS_DIR; };
		FF0E24081F60721D006843F9 /* AppDelegate.swift */ = {isa = PBXFileReference; lastKnownFileType = sourcecode.swift; path = AppDelegate.swift; sourceTree = "<group>"; };
		FF0E240A1F60721D006843F9 /* ViewController.swift */ = {isa = PBXFileReference; lastKnownFileType = sourcecode.swift; path = ViewController.swift; sourceTree = "<group>"; };
		FF0E240D1F60721D006843F9 /* Base */ = {isa = PBXFileReference; lastKnownFileType = file.storyboard; name = Base; path = Base.lproj/Main.storyboard; sourceTree = "<group>"; };
		FF0E240F1F60721D006843F9 /* Assets.xcassets */ = {isa = PBXFileReference; lastKnownFileType = folder.assetcatalog; path = Assets.xcassets; sourceTree = "<group>"; };
		FF0E24121F60721D006843F9 /* Base */ = {isa = PBXFileReference; lastKnownFileType = file.storyboard; name = Base; path = Base.lproj/LaunchScreen.storyboard; sourceTree = "<group>"; };
		FF0E24141F60721D006843F9 /* Info.plist */ = {isa = PBXFileReference; lastKnownFileType = text.plist.xml; path = Info.plist; sourceTree = "<group>"; };
		FF0E24191F60721D006843F9 /* Lab1Tests.xctest */ = {isa = PBXFileReference; explicitFileType = wrapper.cfbundle; includeInIndex = 0; path = Lab1Tests.xctest; sourceTree = BUILT_PRODUCTS_DIR; };
		FF0E241D1F60721D006843F9 /* Lab1Tests.swift */ = {isa = PBXFileReference; lastKnownFileType = sourcecode.swift; path = Lab1Tests.swift; sourceTree = "<group>"; };
		FF0E241F1F60721D006843F9 /* Info.plist */ = {isa = PBXFileReference; lastKnownFileType = text.plist.xml; path = Info.plist; sourceTree = "<group>"; };
		FF0E24241F60721D006843F9 /* Lab1UITests.xctest */ = {isa = PBXFileReference; explicitFileType = wrapper.cfbundle; includeInIndex = 0; path = Lab1UITests.xctest; sourceTree = BUILT_PRODUCTS_DIR; };
		FF0E24281F60721D006843F9 /* Lab1UITests.swift */ = {isa = PBXFileReference; lastKnownFileType = sourcecode.swift; path = Lab1UITests.swift; sourceTree = "<group>"; };
		FF0E242A1F60721D006843F9 /* Info.plist */ = {isa = PBXFileReference; lastKnownFileType = text.plist.xml; path = Info.plist; sourceTree = "<group>"; };
/* End PBXFileReference section */

/* Begin PBXFrameworksBuildPhase section */
		FF0E24021F60721C006843F9 /* Frameworks */ = {
			isa = PBXFrameworksBuildPhase;
			buildActionMask = 2147483647;
			files = (
			);
			runOnlyForDeploymentPostprocessing = 0;
		};
		FF0E24161F60721D006843F9 /* Frameworks */ = {
			isa = PBXFrameworksBuildPhase;
			buildActionMask = 2147483647;
			files = (
			);
			runOnlyForDeploymentPostprocessing = 0;
		};
		FF0E24211F60721D006843F9 /* Frameworks */ = {
			isa = PBXFrameworksBuildPhase;
			buildActionMask = 2147483647;
			files = (
			);
			runOnlyForDeploymentPostprocessing = 0;
		};
/* End PBXFrameworksBuildPhase section */

/* Begin PBXGroup section */
		FF0E23FC1F60721C006843F9 = {
			isa = PBXGroup;
			children = (
				FF0E24071F60721D006843F9 /* Lab1 */,
				FF0E241C1F60721D006843F9 /* Lab1Tests */,
				FF0E24271F60721D006843F9 /* Lab1UITests */,
				FF0E24061F60721C006843F9 /* Products */,
			);
			sourceTree = "<group>";
		};
		FF0E24061F60721C006843F9 /* Products */ = {
			isa = PBXGroup;
			children = (
				FF0E24051F60721C006843F9 /* Lab1.app */,
				FF0E24191F60721D006843F9 /* Lab1Tests.xctest */,
				FF0E24241F60721D006843F9 /* Lab1UITests.xctest */,
			);
			name = Products;
			sourceTree = "<group>";
		};
		FF0E24071F60721D006843F9 /* Lab1 */ = {
			isa = PBXGroup;
			children = (
				FF0E24081F60721D006843F9 /* AppDelegate.swift */,
				FF0E240A1F60721D006843F9 /* ViewController.swift */,
				FF0E240C1F60721D006843F9 /* Main.storyboard */,
				FF0E240F1F60721D006843F9 /* Assets.xcassets */,
				FF0E24111F60721D006843F9 /* LaunchScreen.storyboard */,
				FF0E24141F60721D006843F9 /* Info.plist */,
			);
			path = Lab1;
			sourceTree = "<group>";
		};
		FF0E241C1F60721D006843F9 /* Lab1Tests */ = {
			isa = PBXGroup;
			children = (
				FF0E241D1F60721D006843F9 /* Lab1Tests.swift */,
				FF0E241F1F60721D006843F9 /* Info.plist */,
			);
			path = Lab1Tests;
			sourceTree = "<group>";
		};
		FF0E24271F60721D006843F9 /* Lab1UITests */ = {
			isa = PBXGroup;
			children = (
				FF0E24281F60721D006843F9 /* Lab1UITests.swift */,
				FF0E242A1F60721D006843F9 /* Info.plist */,
			);
			path = Lab1UITests;
			sourceTree = "<group>";
		};
/* End PBXGroup section */

/* Begin PBXNativeTarget section */
		FF0E24041F60721C006843F9 /* Lab1 */ = {
			isa = PBXNativeTarget;
			buildConfigurationList = FF0E242D1F60721D006843F9 /* Build configuration list for PBXNativeTarget "Lab1" */;
			buildPhases = (
				FF0E24011F60721C006843F9 /* Sources */,
				FF0E24021F60721C006843F9 /* Frameworks */,
				FF0E24031F60721C006843F9 /* Resources */,
				FF0E24451F60AB6A006843F9 /* Embed App Extensions */,
			);
			buildRules = (
			);
			dependencies = (
			);
			name = Lab1;
			productName = Lab1;
			productReference = FF0E24051F60721C006843F9 /* Lab1.app */;
			productType = "com.apple.product-type.application";
		};
		FF0E24181F60721D006843F9 /* Lab1Tests */ = {
			isa = PBXNativeTarget;
			buildConfigurationList = FF0E24301F60721D006843F9 /* Build configuration list for PBXNativeTarget "Lab1Tests" */;
			buildPhases = (
				FF0E24151F60721D006843F9 /* Sources */,
				FF0E24161F60721D006843F9 /* Frameworks */,
				FF0E24171F60721D006843F9 /* Resources */,
			);
			buildRules = (
			);
			dependencies = (
				FF0E241B1F60721D006843F9 /* PBXTargetDependency */,
			);
			name = Lab1Tests;
			productName = Lab1Tests;
			productReference = FF0E24191F60721D006843F9 /* Lab1Tests.xctest */;
			productType = "com.apple.product-type.bundle.unit-test";
		};
		FF0E24231F60721D006843F9 /* Lab1UITests */ = {
			isa = PBXNativeTarget;
			buildConfigurationList = FF0E24331F60721D006843F9 /* Build configuration list for PBXNativeTarget "Lab1UITests" */;
			buildPhases = (
				FF0E24201F60721D006843F9 /* Sources */,
				FF0E24211F60721D006843F9 /* Frameworks */,
				FF0E24221F60721D006843F9 /* Resources */,
			);
			buildRules = (
			);
			dependencies = (
				FF0E24261F60721D006843F9 /* PBXTargetDependency */,
			);
			name = Lab1UITests;
			productName = Lab1UITests;
			productReference = FF0E24241F60721D006843F9 /* Lab1UITests.xctest */;
			productType = "com.apple.product-type.bundle.ui-testing";
		};
/* End PBXNativeTarget section */

/* Begin PBXProject section */
		FF0E23FD1F60721C006843F9 /* Project object */ = {
			isa = PBXProject;
			attributes = {
				LastSwiftUpdateCheck = 0830;
				LastUpgradeCheck = 0830;
				ORGANIZATIONNAME = "Camilla Moraes";
				TargetAttributes = {
					FF0E24041F60721C006843F9 = {
						CreatedOnToolsVersion = 8.3.3;
						ProvisioningStyle = Automatic;
					};
					FF0E24181F60721D006843F9 = {
						CreatedOnToolsVersion = 8.3.3;
						ProvisioningStyle = Automatic;
						TestTargetID = FF0E24041F60721C006843F9;
					};
					FF0E24231F60721D006843F9 = {
						CreatedOnToolsVersion = 8.3.3;
						ProvisioningStyle = Automatic;
						TestTargetID = FF0E24041F60721C006843F9;
					};
				};
			};
			buildConfigurationList = FF0E24001F60721C006843F9 /* Build configuration list for PBXProject "Lab1" */;
			compatibilityVersion = "Xcode 3.2";
			developmentRegion = English;
			hasScannedForEncodings = 0;
			knownRegions = (
				en,
				Base,
			);
			mainGroup = FF0E23FC1F60721C006843F9;
			productRefGroup = FF0E24061F60721C006843F9 /* Products */;
			projectDirPath = "";
			projectRoot = "";
			targets = (
				FF0E24041F60721C006843F9 /* Lab1 */,
				FF0E24181F60721D006843F9 /* Lab1Tests */,
				FF0E24231F60721D006843F9 /* Lab1UITests */,
			);
		};
/* End PBXProject section */

/* Begin PBXResourcesBuildPhase section */
		FF0E24031F60721C006843F9 /* Resources */ = {
			isa = PBXResourcesBuildPhase;
			buildActionMask = 2147483647;
			files = (
				FF0E24131F60721D006843F9 /* LaunchScreen.storyboard in Resources */,
				FF0E24101F60721D006843F9 /* Assets.xcassets in Resources */,
				FF0E240E1F60721D006843F9 /* Main.storyboard in Resources */,
			);
			runOnlyForDeploymentPostprocessing = 0;
		};
		FF0E24171F60721D006843F9 /* Resources */ = {
			isa = PBXResourcesBuildPhase;
			buildActionMask = 2147483647;
			files = (
			);
			runOnlyForDeploymentPostprocessing = 0;
		};
		FF0E24221F60721D006843F9 /* Resources */ = {
			isa = PBXResourcesBuildPhase;
			buildActionMask = 2147483647;
			files = (
			);
			runOnlyForDeploymentPostprocessing = 0;
		};
/* End PBXResourcesBuildPhase section */

/* Begin PBXSourcesBuildPhase section */
		FF0E24011F60721C006843F9 /* Sources */ = {
			isa = PBXSourcesBuildPhase;
			buildActionMask = 2147483647;
			files = (
				FF0E240B1F60721D006843F9 /* ViewController.swift in Sources */,
				FF0E24091F60721D006843F9 /* AppDelegate.swift in Sources */,
			);
			runOnlyForDeploymentPostprocessing = 0;
		};
		FF0E24151F60721D006843F9 /* Sources */ = {
			isa = PBXSourcesBuildPhase;
			buildActionMask = 2147483647;
			files = (
				FF0E241E1F60721D006843F9 /* Lab1Tests.swift in Sources */,
			);
			runOnlyForDeploymentPostprocessing = 0;
		};
		FF0E24201F60721D006843F9 /* Sources */ = {
			isa = PBXSourcesBuildPhase;
			buildActionMask = 2147483647;
			files = (
				FF0E24291F60721D006843F9 /* Lab1UITests.swift in Sources */,
			);
			runOnlyForDeploymentPostprocessing = 0;
		};
/* End PBXSourcesBuildPhase section */

/* Begin PBXTargetDependency section */
		FF0E241B1F60721D006843F9 /* PBXTargetDependency */ = {
			isa = PBXTargetDependency;
			target = FF0E24041F60721C006843F9 /* Lab1 */;
			targetProxy = FF0E241A1F60721D006843F9 /* PBXContainerItemProxy */;
		};
		FF0E24261F60721D006843F9 /* PBXTargetDependency */ = {
			isa = PBXTargetDependency;
			target = FF0E24041F60721C006843F9 /* Lab1 */;
			targetProxy = FF0E24251F60721D006843F9 /* PBXContainerItemProxy */;
		};
/* End PBXTargetDependency section */

/* Begin PBXVariantGroup section */
		FF0E240C1F60721D006843F9 /* Main.storyboard */ = {
			isa = PBXVariantGroup;
			children = (
				FF0E240D1F60721D006843F9 /* Base */,
			);
			name = Main.storyboard;
			sourceTree = "<group>";
		};
		FF0E24111F60721D006843F9 /* LaunchScreen.storyboard */ = {
			isa = PBXVariantGroup;
			children = (
				FF0E24121F60721D006843F9 /* Base */,
			);
			name = LaunchScreen.storyboard;
			sourceTree = "<group>";
		};
/* End PBXVariantGroup section */

/* Begin XCBuildConfiguration section */
		FF0E242B1F60721D006843F9 /* Debug */ = {
			isa = XCBuildConfiguration;
			buildSettings = {
				ALWAYS_SEARCH_USER_PATHS = NO;
				CLANG_ANALYZER_NONNULL = YES;
				CLANG_ANALYZER_NUMBER_OBJECT_CONVERSION = YES_AGGRESSIVE;
				CLANG_CXX_LANGUAGE_STANDARD = "gnu++0x";
				CLANG_CXX_LIBRARY = "libc++";
				CLANG_ENABLE_MODULES = YES;
				CLANG_ENABLE_OBJC_ARC = YES;
				CLANG_WARN_BOOL_CONVERSION = YES;
				CLANG_WARN_CONSTANT_CONVERSION = YES;
				CLANG_WARN_DIRECT_OBJC_ISA_USAGE = YES_ERROR;
				CLANG_WARN_DOCUMENTATION_COMMENTS = YES;
				CLANG_WARN_EMPTY_BODY = YES;
				CLANG_WARN_ENUM_CONVERSION = YES;
				CLANG_WARN_INFINITE_RECURSION = YES;
				CLANG_WARN_INT_CONVERSION = YES;
				CLANG_WARN_OBJC_ROOT_CLASS = YES_ERROR;
				CLANG_WARN_SUSPICIOUS_MOVE = YES;
				CLANG_WARN_UNREACHABLE_CODE = YES;
				CLANG_WARN__DUPLICATE_METHOD_MATCH = YES;
				"CODE_SIGN_IDENTITY[sdk=iphoneos*]" = "iPhone Developer";
				COPY_PHASE_STRIP = NO;
				DEBUG_INFORMATION_FORMAT = dwarf;
				ENABLE_STRICT_OBJC_MSGSEND = YES;
				ENABLE_TESTABILITY = YES;
				GCC_C_LANGUAGE_STANDARD = gnu99;
				GCC_DYNAMIC_NO_PIC = NO;
				GCC_NO_COMMON_BLOCKS = YES;
				GCC_OPTIMIZATION_LEVEL = 0;
				GCC_PREPROCESSOR_DEFINITIONS = (
					"DEBUG=1",
					"$(inherited)",
				);
				GCC_WARN_64_TO_32_BIT_CONVERSION = YES;
				GCC_WARN_ABOUT_RETURN_TYPE = YES_ERROR;
				GCC_WARN_UNDECLARED_SELECTOR = YES;
				GCC_WARN_UNINITIALIZED_AUTOS = YES_AGGRESSIVE;
				GCC_WARN_UNUSED_FUNCTION = YES;
				GCC_WARN_UNUSED_VARIABLE = YES;
				IPHONEOS_DEPLOYMENT_TARGET = 10.3;
				MTL_ENABLE_DEBUG_INFO = YES;
				ONLY_ACTIVE_ARCH = YES;
				SDKROOT = iphoneos;
				SWIFT_ACTIVE_COMPILATION_CONDITIONS = DEBUG;
				SWIFT_OPTIMIZATION_LEVEL = "-Onone";
			};
			name = Debug;
		};
		FF0E242C1F60721D006843F9 /* Release */ = {
			isa = XCBuildConfiguration;
			buildSettings = {
				ALWAYS_SEARCH_USER_PATHS = NO;
				CLANG_ANALYZER_NONNULL = YES;
				CLANG_ANALYZER_NUMBER_OBJECT_CONVERSION = YES_AGGRESSIVE;
				CLANG_CXX_LANGUAGE_STANDARD = "gnu++0x";
				CLANG_CXX_LIBRARY = "libc++";
				CLANG_ENABLE_MODULES = YES;
				CLANG_ENABLE_OBJC_ARC = YES;
				CLANG_WARN_BOOL_CONVERSION = YES;
				CLANG_WARN_CONSTANT_CONVERSION = YES;
				CLANG_WARN_DIRECT_OBJC_ISA_USAGE = YES_ERROR;
				CLANG_WARN_DOCUMENTATION_COMMENTS = YES;
				CLANG_WARN_EMPTY_BODY = YES;
				CLANG_WARN_ENUM_CONVERSION = YES;
				CLANG_WARN_INFINITE_RECURSION = YES;
				CLANG_WARN_INT_CONVERSION = YES;
				CLANG_WARN_OBJC_ROOT_CLASS = YES_ERROR;
				CLANG_WARN_SUSPICIOUS_MOVE = YES;
				CLANG_WARN_UNREACHABLE_CODE = YES;
				CLANG_WARN__DUPLICATE_METHOD_MATCH = YES;
				"CODE_SIGN_IDENTITY[sdk=iphoneos*]" = "iPhone Developer";
				COPY_PHASE_STRIP = NO;
				DEBUG_INFORMATION_FORMAT = "dwarf-with-dsym";
				ENABLE_NS_ASSERTIONS = NO;
				ENABLE_STRICT_OBJC_MSGSEND = YES;
				GCC_C_LANGUAGE_STANDARD = gnu99;
				GCC_NO_COMMON_BLOCKS = YES;
				GCC_WARN_64_TO_32_BIT_CONVERSION = YES;
				GCC_WARN_ABOUT_RETURN_TYPE = YES_ERROR;
				GCC_WARN_UNDECLARED_SELECTOR = YES;
				GCC_WARN_UNINITIALIZED_AUTOS = YES_AGGRESSIVE;
				GCC_WARN_UNUSED_FUNCTION = YES;
				GCC_WARN_UNUSED_VARIABLE = YES;
				IPHONEOS_DEPLOYMENT_TARGET = 10.3;
				MTL_ENABLE_DEBUG_INFO = NO;
				SDKROOT = iphoneos;
				SWIFT_OPTIMIZATION_LEVEL = "-Owholemodule";
				VALIDATE_PRODUCT = YES;
			};
			name = Release;
		};
		FF0E242E1F60721D006843F9 /* Debug */ = {
			isa = XCBuildConfiguration;
			buildSettings = {
				ALWAYS_EMBED_SWIFT_STANDARD_LIBRARIES = YES;
				ASSETCATALOG_COMPILER_APPICON_NAME = AppIcon;
				INFOPLIST_FILE = Lab1/Info.plist;
				LD_RUNPATH_SEARCH_PATHS = "$(inherited) @executable_path/Frameworks";
				PRODUCT_BUNDLE_IDENTIFIER = CSE438.Lab1;
				PRODUCT_NAME = "$(TARGET_NAME)";
				SWIFT_VERSION = 3.0;
			};
			name = Debug;
		};
		FF0E242F1F60721D006843F9 /* Release */ = {
			isa = XCBuildConfiguration;
			buildSettings = {
				ALWAYS_EMBED_SWIFT_STANDARD_LIBRARIES = YES;
				ASSETCATALOG_COMPILER_APPICON_NAME = AppIcon;
				INFOPLIST_FILE = Lab1/Info.plist;
				LD_RUNPATH_SEARCH_PATHS = "$(inherited) @executable_path/Frameworks";
				PRODUCT_BUNDLE_IDENTIFIER = CSE438.Lab1;
				PRODUCT_NAME = "$(TARGET_NAME)";
				SWIFT_VERSION = 3.0;
			};
			name = Release;
		};
		FF0E24311F60721D006843F9 /* Debug */ = {
			isa = XCBuildConfiguration;
			buildSettings = {
				ALWAYS_EMBED_SWIFT_STANDARD_LIBRARIES = YES;
				BUNDLE_LOADER = "$(TEST_HOST)";
				INFOPLIST_FILE = Lab1Tests/Info.plist;
				LD_RUNPATH_SEARCH_PATHS = "$(inherited) @executable_path/Frameworks @loader_path/Frameworks";
				PRODUCT_BUNDLE_IDENTIFIER = CSE438.Lab1Tests;
				PRODUCT_NAME = "$(TARGET_NAME)";
				SWIFT_VERSION = 3.0;
				TEST_HOST = "$(BUILT_PRODUCTS_DIR)/Lab1.app/Lab1";
			};
			name = Debug;
		};
		FF0E24321F60721D006843F9 /* Release */ = {
			isa = XCBuildConfiguration;
			buildSettings = {
				ALWAYS_EMBED_SWIFT_STANDARD_LIBRARIES = YES;
				BUNDLE_LOADER = "$(TEST_HOST)";
				INFOPLIST_FILE = Lab1Tests/Info.plist;
				LD_RUNPATH_SEARCH_PATHS = "$(inherited) @executable_path/Frameworks @loader_path/Frameworks";
				PRODUCT_BUNDLE_IDENTIFIER = CSE438.Lab1Tests;
				PRODUCT_NAME = "$(TARGET_NAME)";
				SWIFT_VERSION = 3.0;
				TEST_HOST = "$(BUILT_PRODUCTS_DIR)/Lab1.app/Lab1";
			};
			name = Release;
		};
		FF0E24341F60721D006843F9 /* Debug */ = {
			isa = XCBuildConfiguration;
			buildSettings = {
				ALWAYS_EMBED_SWIFT_STANDARD_LIBRARIES = YES;
				INFOPLIST_FILE = Lab1UITests/Info.plist;
				LD_RUNPATH_SEARCH_PATHS = "$(inherited) @executable_path/Frameworks @loader_path/Frameworks";
				PRODUCT_BUNDLE_IDENTIFIER = CSE438.Lab1UITests;
				PRODUCT_NAME = "$(TARGET_NAME)";
				SWIFT_VERSION = 3.0;
				TEST_TARGET_NAME = Lab1;
			};
			name = Debug;
		};
		FF0E24351F60721D006843F9 /* Release */ = {
			isa = XCBuildConfiguration;
			buildSettings = {
				ALWAYS_EMBED_SWIFT_STANDARD_LIBRARIES = YES;
				INFOPLIST_FILE = Lab1UITests/Info.plist;
				LD_RUNPATH_SEARCH_PATHS = "$(inherited) @executable_path/Frameworks @loader_path/Frameworks";
				PRODUCT_BUNDLE_IDENTIFIER = CSE438.Lab1UITests;
				PRODUCT_NAME = "$(TARGET_NAME)";
				SWIFT_VERSION = 3.0;
				TEST_TARGET_NAME = Lab1;
			};
			name = Release;
		};
/* End XCBuildConfiguration section */

/* Begin XCConfigurationList section */
		FF0E24001F60721C006843F9 /* Build configuration list for PBXProject "Lab1" */ = {
			isa = XCConfigurationList;
			buildConfigurations = (
				FF0E242B1F60721D006843F9 /* Debug */,
				FF0E242C1F60721D006843F9 /* Release */,
			);
			defaultConfigurationIsVisible = 0;
			defaultConfigurationName = Release;
		};
		FF0E242D1F60721D006843F9 /* Build configuration list for PBXNativeTarget "Lab1" */ = {
			isa = XCConfigurationList;
			buildConfigurations = (
				FF0E242E1F60721D006843F9 /* Debug */,
				FF0E242F1F60721D006843F9 /* Release */,
			);
			defaultConfigurationIsVisible = 0;
			defaultConfigurationName = Release;
		};
		FF0E24301F60721D006843F9 /* Build configuration list for PBXNativeTarget "Lab1Tests" */ = {
			isa = XCConfigurationList;
			buildConfigurations = (
				FF0E24311F60721D006843F9 /* Debug */,
				FF0E24321F60721D006843F9 /* Release */,
			);
			defaultConfigurationIsVisible = 0;
			defaultConfigurationName = Release;
		};
		FF0E24331F60721D006843F9 /* Build configuration list for PBXNativeTarget "Lab1UITests" */ = {
			isa = XCConfigurationList;
			buildConfigurations = (
				FF0E24341F60721D006843F9 /* Debug */,
				FF0E24351F60721D006843F9 /* Release */,
			);
			defaultConfigurationIsVisible = 0;
			defaultConfigurationName = Release;
		};
/* End XCConfigurationList section */
	};
	rootObject = FF0E23FD1F60721C006843F9 /* Project object */;
}
